{
    "version": 3,
    "terraform_version": "0.11.7",
    "serial": 6,
    "lineage": "1d2d3c73-886e-24cc-e55e-f6ab44a2f336",
    "modules": [
        {
            "path": [
                "root"
            ],
            "outputs": {
                "url": {
                    "sensitive": false,
                    "type": "string",
                    "value": "euterpesolutions.com.s3-website-us-east-1.amazonaws.com"
                }
            },
            "resources": {
                "aws_s3_bucket.static_site": {
                    "type": "aws_s3_bucket",
                    "depends_on": [
                        "data.template_file.s3_public_policy"
                    ],
                    "primary": {
                        "id": "euterpesolutions.com",
                        "attributes": {
                            "acceleration_status": "",
                            "acl": "public-read",
                            "arn": "arn:aws:s3:::euterpesolutions.com",
                            "bucket": "euterpesolutions.com",
                            "bucket_domain_name": "euterpesolutions.com.s3.amazonaws.com",
                            "force_destroy": "true",
                            "hosted_zone_id": "Z3AQBSTGFYJSTF",
                            "id": "euterpesolutions.com",
                            "logging.#": "0",
                            "policy": "{\"Statement\":[{\"Action\":\"s3:GetObject\",\"Effect\":\"Allow\",\"Principal\":\"*\",\"Resource\":\"arn:aws:s3:::euterpesolutions.com/*\",\"Sid\":\"PublicReadGetObject\"}],\"Version\":\"2012-10-17\"}",
                            "region": "us-east-1",
                            "replication_configuration.#": "0",
                            "request_payer": "BucketOwner",
                            "server_side_encryption_configuration.#": "0",
                            "tags.%": "0",
                            "versioning.#": "1",
                            "versioning.0.enabled": "false",
                            "versioning.0.mfa_delete": "false",
                            "website.#": "1",
                            "website.0.error_document": "",
                            "website.0.index_document": "index.html",
                            "website.0.redirect_all_requests_to": "",
                            "website.0.routing_rules": "",
                            "website_domain": "s3-website-us-east-1.amazonaws.com",
                            "website_endpoint": "euterpesolutions.com.s3-website-us-east-1.amazonaws.com"
                        },
                        "meta": {},
                        "tainted": false
                    },
                    "deposed": [],
                    "provider": "provider.aws"
                },
                "data.template_file.s3_public_policy": {
                    "type": "template_file",
                    "depends_on": [],
                    "primary": {
                        "id": "e966993148582384d47e69a8beca34293b7739d334a32f2de34c4be5497e17ba",
                        "attributes": {
                            "id": "e966993148582384d47e69a8beca34293b7739d334a32f2de34c4be5497e17ba",
                            "rendered": "{\n  \"Version\": \"2012-10-17\",\n  \"Statement\": [\n    {\n      \"Sid\": \"PublicReadGetObject\",\n      \"Effect\": \"Allow\",\n      \"Principal\": \"*\",\n      \"Action\": [\n        \"s3:GetObject\"\n      ],\n      \"Resource\": [\n        \"arn:aws:s3:::euterpesolutions.com/*\"\n      ]\n    }\n  ]\n}\n",
                            "template": "{\n  \"Version\": \"2012-10-17\",\n  \"Statement\": [\n    {\n      \"Sid\": \"PublicReadGetObject\",\n      \"Effect\": \"Allow\",\n      \"Principal\": \"*\",\n      \"Action\": [\n        \"s3:GetObject\"\n      ],\n      \"Resource\": [\n        \"arn:aws:s3:::${bucket_name}/*\"\n      ]\n    }\n  ]\n}\n",
                            "vars.%": "1",
                            "vars.bucket_name": "euterpesolutions.com"
                        },
                        "meta": {},
                        "tainted": false
                    },
                    "deposed": [],
                    "provider": "provider.template"
                }
            },
            "depends_on": []
        }
    ]
}
