{
    "version": 3,
    "terraform_version": "0.11.7",
    "serial": 10,
    "lineage": "607168f0-b9b5-410f-b0b4-ff3c9c923394",
    "modules": [
        {
            "path": [
                "root"
            ],
            "outputs": {},
            "resources": {
                "aws_api_gateway_method.method": {
                    "type": "aws_api_gateway_method",
                    "depends_on": [
                        "aws_api_gateway_resource.resource",
                        "aws_api_gateway_rest_api.api"
                    ],
                    "primary": {
                        "id": "agm-o3g13lymoi-qayjlx-GET",
                        "attributes": {
                            "api_key_required": "false",
                            "authorization": "NONE",
                            "http_method": "GET",
                            "id": "agm-o3g13lymoi-qayjlx-GET",
                            "resource_id": "qayjlx",
                            "rest_api_id": "o3g13lymoi"
                        },
                        "meta": {},
                        "tainted": false
                    },
                    "deposed": [],
                    "provider": "provider.aws"
                },
                "aws_api_gateway_resource.resource": {
                    "type": "aws_api_gateway_resource",
                    "depends_on": [
                        "aws_api_gateway_rest_api.api"
                    ],
                    "primary": {
                        "id": "qayjlx",
                        "attributes": {
                            "id": "qayjlx",
                            "parent_id": "nlovtik6ok",
                            "path": "/contact",
                            "path_part": "contact",
                            "rest_api_id": "o3g13lymoi"
                        },
                        "meta": {},
                        "tainted": false
                    },
                    "deposed": [],
                    "provider": "provider.aws"
                },
                "aws_api_gateway_rest_api.api": {
                    "type": "aws_api_gateway_rest_api",
                    "depends_on": [],
                    "primary": {
                        "id": "o3g13lymoi",
                        "attributes": {
                            "binary_media_types.#": "0",
                            "created_date": "2018-04-27T17:46:19Z",
                            "description": "This is my API for demo purposes",
                            "id": "o3g13lymoi",
                            "minimum_compression_size": "-1",
                            "name": "myapi",
                            "policy": "",
                            "root_resource_id": "nlovtik6ok"
                        },
                        "meta": {},
                        "tainted": false
                    },
                    "deposed": [],
                    "provider": "provider.aws"
                },
                "aws_iam_role.role": {
                    "type": "aws_iam_role",
                    "depends_on": [],
                    "primary": {
                        "id": "myrole",
                        "attributes": {
                            "arn": "arn:aws:iam::444317787259:role/myrole",
                            "assume_role_policy": "{\"Version\":\"2012-10-17\",\"Statement\":[{\"Sid\":\"\",\"Effect\":\"Allow\",\"Principal\":{\"Service\":\"lambda.amazonaws.com\"},\"Action\":\"sts:AssumeRole\"}]}",
                            "create_date": "2018-04-27T17:46:19Z",
                            "force_detach_policies": "false",
                            "id": "myrole",
                            "max_session_duration": "3600",
                            "name": "myrole",
                            "path": "/",
                            "unique_id": "AROAI6SFX5OT7HAP5IVD4"
                        },
                        "meta": {},
                        "tainted": false
                    },
                    "deposed": [],
                    "provider": "provider.aws"
                },
                "data.archive_file.lambda_zip": {
                    "type": "archive_file",
                    "depends_on": [],
                    "primary": {
                        "id": "2539fca0075a5bda32228de5815aa768925a13bd",
                        "attributes": {
                            "id": "2539fca0075a5bda32228de5815aa768925a13bd",
                            "output_base64sha256": "uOT4jWgdgTu9zwF2X1RX3KvrVrsbZGdgZTWQexY4jZE=",
                            "output_md5": "ccdf67d7f70d639ab279642e9893dd97",
                            "output_path": "lambda.zip",
                            "output_sha": "2539fca0075a5bda32228de5815aa768925a13bd",
                            "output_size": "326",
                            "source.#": "0",
                            "source_dir": "lambdacode",
                            "type": "zip"
                        },
                        "meta": {},
                        "tainted": false
                    },
                    "deposed": [],
                    "provider": "provider.archive"
                }
            },
            "depends_on": []
        }
    ]
}
